
Microsoft Visual Studio Solution File, Format Version 12.00
Project("{FAE04EC0-301F-11D3-BF4B-00C04F79EFBC}") = "GameOfLife.Application", "GameOfLife.Application\GameOfLife.Application.csproj", "{7A645E24-BDFD-46B6-BF36-A671668A921D}"
EndProject
Project("{FAE04EC0-301F-11D3-BF4B-00C04F79EFBC}") = "GameOfLife.Model", "GameOfLife.Model\GameOfLife.Model.csproj", "{B947D6E9-22EB-4EEA-ACAC-74494AA31289}"
EndProject
Project("{2150E333-8FDC-42A3-9474-1A3956D46DE8}") = "src", "src", "{1AF9B90B-CA81-40D3-B7E2-86C4A7059D3A}"
EndProject
Project("{2150E333-8FDC-42A3-9474-1A3956D46DE8}") = "tests", "tests", "{AD831A6E-AE98-46B4-9CD0-42E7FF870478}"
EndProject
Project("{FAE04EC0-301F-11D3-BF4B-00C04F79EFBC}") = "GameOfLife.Tests", "GameOfLife.Tests\GameOfLife.Tests.csproj", "{AD1F7411-FFD7-4B0D-8E81-2B0317DFE22F}"
EndProject
Global
	GlobalSection(SolutionConfigurationPlatforms) = preSolution
		Debug|Any CPU = Debug|Any CPU
		Release|Any CPU = Release|Any CPU
	EndGlobalSection
	GlobalSection(ProjectConfigurationPlatforms) = postSolution
		{7A645E24-BDFD-46B6-BF36-A671668A921D}.Debug|Any CPU.ActiveCfg = Debug|Any CPU
		{7A645E24-BDFD-46B6-BF36-A671668A921D}.Debug|Any CPU.Build.0 = Debug|Any CPU
		{7A645E24-BDFD-46B6-BF36-A671668A921D}.Release|Any CPU.ActiveCfg = Release|Any CPU
		{7A645E24-BDFD-46B6-BF36-A671668A921D}.Release|Any CPU.Build.0 = Release|Any CPU
		{B947D6E9-22EB-4EEA-ACAC-74494AA31289}.Debug|Any CPU.ActiveCfg = Debug|Any CPU
		{B947D6E9-22EB-4EEA-ACAC-74494AA31289}.Debug|Any CPU.Build.0 = Debug|Any CPU
		{B947D6E9-22EB-4EEA-ACAC-74494AA31289}.Release|Any CPU.ActiveCfg = Release|Any CPU
		{B947D6E9-22EB-4EEA-ACAC-74494AA31289}.Release|Any CPU.Build.0 = Release|Any CPU
		{AD1F7411-FFD7-4B0D-8E81-2B0317DFE22F}.Debug|Any CPU.ActiveCfg = Debug|Any CPU
		{AD1F7411-FFD7-4B0D-8E81-2B0317DFE22F}.Debug|Any CPU.Build.0 = Debug|Any CPU
		{AD1F7411-FFD7-4B0D-8E81-2B0317DFE22F}.Release|Any CPU.ActiveCfg = Release|Any CPU
		{AD1F7411-FFD7-4B0D-8E81-2B0317DFE22F}.Release|Any CPU.Build.0 = Release|Any CPU
	EndGlobalSection
	GlobalSection(NestedProjects) = preSolution
		{7A645E24-BDFD-46B6-BF36-A671668A921D} = {1AF9B90B-CA81-40D3-B7E2-86C4A7059D3A}
		{B947D6E9-22EB-4EEA-ACAC-74494AA31289} = {1AF9B90B-CA81-40D3-B7E2-86C4A7059D3A}
		{AD1F7411-FFD7-4B0D-8E81-2B0317DFE22F} = {AD831A6E-AE98-46B4-9CD0-42E7FF870478}
	EndGlobalSection
EndGlobal
